
Microsoft Visual Studio Solution File, Format Version 12.00
# Visual Studio Version 17
VisualStudioVersion = 17.9.34607.119
MinimumVisualStudioVersion = 10.0.40219.1
Project("{2150E333-8FDC-42A3-9474-1A3956D46DE8}") = "Chapter 03", "Chapter 03", "{90AC7B0C-40DF-4306-A31D-77723DF2D4C7}"
EndProject
Project("{2150E333-8FDC-42A3-9474-1A3956D46DE8}") = "Chapter 04", "Chapter 04", "{C2964EE0-6013-4CFF-A347-A97F250FDA17}"
EndProject
Project("{2150E333-8FDC-42A3-9474-1A3956D46DE8}") = "Chapter 05", "Chapter 05", "{AD6DBECF-1F2D-4732-8256-39E825E6764C}"
EndProject
Project("{2150E333-8FDC-42A3-9474-1A3956D46DE8}") = "Chapter 06", "Chapter 06", "{FF5E25FE-2B75-47E8-87AD-F08B8E1C44C2}"
EndProject
Project("{2150E333-8FDC-42A3-9474-1A3956D46DE8}") = "Chapter 07", "Chapter 07", "{A4939EE7-3C21-4049-94D5-732BC024D15E}"
EndProject
Project("{2150E333-8FDC-42A3-9474-1A3956D46DE8}") = "Chapter 08", "Chapter 08", "{083BB409-7E23-4336-B7F2-DAC42197A525}"
EndProject
Project("{2150E333-8FDC-42A3-9474-1A3956D46DE8}") = "Chapter 09", "Chapter 09", "{05280B8F-F497-4EEA-8DE6-1ED38989439D}"
EndProject
Project("{2150E333-8FDC-42A3-9474-1A3956D46DE8}") = "Chapter 10", "Chapter 10", "{2E1D4986-0351-45AB-BDF2-E8A24FBA06AB}"
EndProject
Project("{2150E333-8FDC-42A3-9474-1A3956D46DE8}") = "Chapter 11", "Chapter 11", "{6EE99093-7833-425E-B8F1-8BFCAA86A9CC}"
EndProject
Project("{2150E333-8FDC-42A3-9474-1A3956D46DE8}") = "Chapter 12", "Chapter 12", "{6A3533F1-4583-4555-9ADB-06BEBEA1B75C}"
EndProject
Project("{2150E333-8FDC-42A3-9474-1A3956D46DE8}") = "Chapter 13", "Chapter 13", "{154D4842-C2FB-4257-9ADA-43A6B779B66C}"
EndProject
Project("{2150E333-8FDC-42A3-9474-1A3956D46DE8}") = "Chapter 14", "Chapter 14", "{ABD52852-D0EC-496B-8664-5D51BA76B291}"
EndProject
Project("{9A19103F-16F7-4668-BE54-9A1E7A4F7556}") = "DataTypeMaster", "DataTypeMaster\DataTypeMaster.csproj", "{6A0C9BB9-1AAE-41E5-8AA0-F0648EA5F4F7}"
EndProject
Project("{9A19103F-16F7-4668-BE54-9A1E7A4F7556}") = "OpExPro", "OpExPro\OpExPro.csproj", "{CCAE1D46-0B3A-442A-9E88-CF9EF8FC1FAF}"
EndProject
Project("{9A19103F-16F7-4668-BE54-9A1E7A4F7556}") = "FlowMaster", "FlowMaster\FlowMaster.csproj", "{0332FE07-584C-45C7-93D1-BD0AA9B2936C}"
EndProject
Project("{9A19103F-16F7-4668-BE54-9A1E7A4F7556}") = "ArrayCraft", "ArrayCraft\ArrayCraft.csproj", "{7170D83F-C34D-4583-8911-54BA122E24A2}"
EndProject
Project("{9A19103F-16F7-4668-BE54-9A1E7A4F7556}") = "MethodMastery", "MethodMastery\MethodMastery.csproj", "{2C33F881-1E25-4B0B-8C81-A0AFCF23A442}"
EndProject
Project("{9A19103F-16F7-4668-BE54-9A1E7A4F7556}") = "OOPExplorer", "OOPExplorer\OOPExplorer.csproj", "{38728420-32AD-42CA-8276-39109CD0396C}"
EndProject
Project("{9A19103F-16F7-4668-BE54-9A1E7A4F7556}") = "ExceptionExplorer", "ExceptionExplorer\ExceptionExplorer.csproj", "{0D5B4FE1-54D9-49AA-85E4-6CF01AD28F64}"
EndProject
Project("{9A19103F-16F7-4668-BE54-9A1E7A4F7556}") = "FileForge", "FileForge\FileForge.csproj", "{9E464CC1-1149-4367-AA68-9FB2A9F889F4}"
EndProject
Project("{9A19103F-16F7-4668-BE54-9A1E7A4F7556}") = "AsyncAdept", "AsyncAdept\AsyncAdept.csproj", "{B21F70B1-5806-4969-B018-F01476074A89}"
EndProject
Project("{9A19103F-16F7-4668-BE54-9A1E7A4F7556}") = "DataWorks", "DataWorks\DataWorks.csproj", "{80B757BA-9226-4045-930B-E39CDD003EC1}"
EndProject
Project("{9A19103F-16F7-4668-BE54-9A1E7A4F7556}") = "AdvanceXpert", "AdvanceXpert\AdvanceXpert.csproj", "{555885AF-CAB3-41F0-85FC-87FB2DBD83B1}"
EndProject
Project("{9A19103F-16F7-4668-BE54-9A1E7A4F7556}") = "CSharp12Innovate", "CSharp12Innovate\CSharp12Innovate.csproj", "{C6DDE82B-C8A6-4408-B2EB-62732FA18522}"
EndProject
Global
	GlobalSection(SolutionConfigurationPlatforms) = preSolution
		Debug|Any CPU = Debug|Any CPU
		Release|Any CPU = Release|Any CPU
	EndGlobalSection
	GlobalSection(ProjectConfigurationPlatforms) = postSolution
		{6A0C9BB9-1AAE-41E5-8AA0-F0648EA5F4F7}.Debug|Any CPU.ActiveCfg = Debug|Any CPU
		{6A0C9BB9-1AAE-41E5-8AA0-F0648EA5F4F7}.Debug|Any CPU.Build.0 = Debug|Any CPU
		{6A0C9BB9-1AAE-41E5-8AA0-F0648EA5F4F7}.Release|Any CPU.ActiveCfg = Release|Any CPU
		{6A0C9BB9-1AAE-41E5-8AA0-F0648EA5F4F7}.Release|Any CPU.Build.0 = Release|Any CPU
		{CCAE1D46-0B3A-442A-9E88-CF9EF8FC1FAF}.Debug|Any CPU.ActiveCfg = Debug|Any CPU
		{CCAE1D46-0B3A-442A-9E88-CF9EF8FC1FAF}.Debug|Any CPU.Build.0 = Debug|Any CPU
		{CCAE1D46-0B3A-442A-9E88-CF9EF8FC1FAF}.Release|Any CPU.ActiveCfg = Release|Any CPU
		{CCAE1D46-0B3A-442A-9E88-CF9EF8FC1FAF}.Release|Any CPU.Build.0 = Release|Any CPU
		{0332FE07-584C-45C7-93D1-BD0AA9B2936C}.Debug|Any CPU.ActiveCfg = Debug|Any CPU
		{0332FE07-584C-45C7-93D1-BD0AA9B2936C}.Debug|Any CPU.Build.0 = Debug|Any CPU
		{0332FE07-584C-45C7-93D1-BD0AA9B2936C}.Release|Any CPU.ActiveCfg = Release|Any CPU
		{0332FE07-584C-45C7-93D1-BD0AA9B2936C}.Release|Any CPU.Build.0 = Release|Any CPU
		{7170D83F-C34D-4583-8911-54BA122E24A2}.Debug|Any CPU.ActiveCfg = Debug|Any CPU
		{7170D83F-C34D-4583-8911-54BA122E24A2}.Debug|Any CPU.Build.0 = Debug|Any CPU
		{7170D83F-C34D-4583-8911-54BA122E24A2}.Release|Any CPU.ActiveCfg = Release|Any CPU
		{7170D83F-C34D-4583-8911-54BA122E24A2}.Release|Any CPU.Build.0 = Release|Any CPU
		{2C33F881-1E25-4B0B-8C81-A0AFCF23A442}.Debug|Any CPU.ActiveCfg = Debug|Any CPU
		{2C33F881-1E25-4B0B-8C81-A0AFCF23A442}.Debug|Any CPU.Build.0 = Debug|Any CPU
		{2C33F881-1E25-4B0B-8C81-A0AFCF23A442}.Release|Any CPU.ActiveCfg = Release|Any CPU
		{2C33F881-1E25-4B0B-8C81-A0AFCF23A442}.Release|Any CPU.Build.0 = Release|Any CPU
		{38728420-32AD-42CA-8276-39109CD0396C}.Debug|Any CPU.ActiveCfg = Debug|Any CPU
		{38728420-32AD-42CA-8276-39109CD0396C}.Debug|Any CPU.Build.0 = Debug|Any CPU
		{38728420-32AD-42CA-8276-39109CD0396C}.Release|Any CPU.ActiveCfg = Release|Any CPU
		{38728420-32AD-42CA-8276-39109CD0396C}.Release|Any CPU.Build.0 = Release|Any CPU
		{0D5B4FE1-54D9-49AA-85E4-6CF01AD28F64}.Debug|Any CPU.ActiveCfg = Debug|Any CPU
		{0D5B4FE1-54D9-49AA-85E4-6CF01AD28F64}.Debug|Any CPU.Build.0 = Debug|Any CPU
		{0D5B4FE1-54D9-49AA-85E4-6CF01AD28F64}.Release|Any CPU.ActiveCfg = Release|Any CPU
		{0D5B4FE1-54D9-49AA-85E4-6CF01AD28F64}.Release|Any CPU.Build.0 = Release|Any CPU
		{9E464CC1-1149-4367-AA68-9FB2A9F889F4}.Debug|Any CPU.ActiveCfg = Debug|Any CPU
		{9E464CC1-1149-4367-AA68-9FB2A9F889F4}.Debug|Any CPU.Build.0 = Debug|Any CPU
		{9E464CC1-1149-4367-AA68-9FB2A9F889F4}.Release|Any CPU.ActiveCfg = Release|Any CPU
		{9E464CC1-1149-4367-AA68-9FB2A9F889F4}.Release|Any CPU.Build.0 = Release|Any CPU
		{B21F70B1-5806-4969-B018-F01476074A89}.Debug|Any CPU.ActiveCfg = Debug|Any CPU
		{B21F70B1-5806-4969-B018-F01476074A89}.Debug|Any CPU.Build.0 = Debug|Any CPU
		{B21F70B1-5806-4969-B018-F01476074A89}.Release|Any CPU.ActiveCfg = Release|Any CPU
		{B21F70B1-5806-4969-B018-F01476074A89}.Release|Any CPU.Build.0 = Release|Any CPU
		{80B757BA-9226-4045-930B-E39CDD003EC1}.Debug|Any CPU.ActiveCfg = Debug|Any CPU
		{80B757BA-9226-4045-930B-E39CDD003EC1}.Debug|Any CPU.Build.0 = Debug|Any CPU
		{80B757BA-9226-4045-930B-E39CDD003EC1}.Release|Any CPU.ActiveCfg = Release|Any CPU
		{80B757BA-9226-4045-930B-E39CDD003EC1}.Release|Any CPU.Build.0 = Release|Any CPU
		{555885AF-CAB3-41F0-85FC-87FB2DBD83B1}.Debug|Any CPU.ActiveCfg = Debug|Any CPU
		{555885AF-CAB3-41F0-85FC-87FB2DBD83B1}.Debug|Any CPU.Build.0 = Debug|Any CPU
		{555885AF-CAB3-41F0-85FC-87FB2DBD83B1}.Release|Any CPU.ActiveCfg = Release|Any CPU
		{555885AF-CAB3-41F0-85FC-87FB2DBD83B1}.Release|Any CPU.Build.0 = Release|Any CPU
		{C6DDE82B-C8A6-4408-B2EB-62732FA18522}.Debug|Any CPU.ActiveCfg = Debug|Any CPU
		{C6DDE82B-C8A6-4408-B2EB-62732FA18522}.Debug|Any CPU.Build.0 = Debug|Any CPU
		{C6DDE82B-C8A6-4408-B2EB-62732FA18522}.Release|Any CPU.ActiveCfg = Release|Any CPU
		{C6DDE82B-C8A6-4408-B2EB-62732FA18522}.Release|Any CPU.Build.0 = Release|Any CPU
	EndGlobalSection
	GlobalSection(SolutionProperties) = preSolution
		HideSolutionNode = FALSE
	EndGlobalSection
	GlobalSection(NestedProjects) = preSolution
		{6A0C9BB9-1AAE-41E5-8AA0-F0648EA5F4F7} = {90AC7B0C-40DF-4306-A31D-77723DF2D4C7}
		{CCAE1D46-0B3A-442A-9E88-CF9EF8FC1FAF} = {C2964EE0-6013-4CFF-A347-A97F250FDA17}
		{0332FE07-584C-45C7-93D1-BD0AA9B2936C} = {AD6DBECF-1F2D-4732-8256-39E825E6764C}
		{7170D83F-C34D-4583-8911-54BA122E24A2} = {FF5E25FE-2B75-47E8-87AD-F08B8E1C44C2}
		{2C33F881-1E25-4B0B-8C81-A0AFCF23A442} = {A4939EE7-3C21-4049-94D5-732BC024D15E}
		{38728420-32AD-42CA-8276-39109CD0396C} = {083BB409-7E23-4336-B7F2-DAC42197A525}
		{0D5B4FE1-54D9-49AA-85E4-6CF01AD28F64} = {05280B8F-F497-4EEA-8DE6-1ED38989439D}
		{9E464CC1-1149-4367-AA68-9FB2A9F889F4} = {2E1D4986-0351-45AB-BDF2-E8A24FBA06AB}
		{B21F70B1-5806-4969-B018-F01476074A89} = {6EE99093-7833-425E-B8F1-8BFCAA86A9CC}
		{80B757BA-9226-4045-930B-E39CDD003EC1} = {6A3533F1-4583-4555-9ADB-06BEBEA1B75C}
		{555885AF-CAB3-41F0-85FC-87FB2DBD83B1} = {154D4842-C2FB-4257-9ADA-43A6B779B66C}
		{C6DDE82B-C8A6-4408-B2EB-62732FA18522} = {ABD52852-D0EC-496B-8664-5D51BA76B291}
	EndGlobalSection
	GlobalSection(ExtensibilityGlobals) = postSolution
		SolutionGuid = {C038E9D1-F184-4470-9E1E-9E66AC8DC4D4}
	EndGlobalSection
EndGlobal
